<Solution>
  <Project Path="Hukuk.AI.Data/Hukuk.AI.Data.csproj" />
  <Project Path="Hukuk.AI.Evaluation/Hukuk.AI.Evaluation.csproj" />
  <Project Path="Hukuk.AI.Ingestion/Hukuk.AI.Ingestion.csproj" />
  <Project Path="Hukuk.AI.Retrieval/Hukuk.AI.Retrieval.csproj" />
  <Project Path="Hukuk.AI/Hukuk.AI.csproj" />
</Solution>
